
Microsoft Visual Studio Solution File, Format Version 12.00
# Visual Studio 2013
VisualStudioVersion = 12.0.30110.0
MinimumVisualStudioVersion = 10.0.40219.1
Project("{FAE04EC0-301F-11D3-BF4B-00C04F79EFBC}") = "StringCalculator", "StringCalculator\StringCalculator.csproj", "{24515E4E-E75A-4C75-8E52-77A67225AB2F}"
EndProject
Project("{FAE04EC0-301F-11D3-BF4B-00C04F79EFBC}") = "StringCalculator.NUnit.UnitTests", "StringCalculator.NUnit.UnitTests\StringCalculator.NUnit.UnitTests.csproj", "{DFEDA25D-F95C-402B-AF5E-93CE4686B3FF}"
EndProject
Project("{FAE04EC0-301F-11D3-BF4B-00C04F79EFBC}") = "StringCalculator.Xunit.UnitTests", "StringCalculator.XUnit.UnitTests\StringCalculator.Xunit.UnitTests.csproj", "{B422F284-2A40-4BB5-9403-3B864B34D82B}"
EndProject
Project("{FAE04EC0-301F-11D3-BF4B-00C04F79EFBC}") = "StringCalculator.Xunit.SpecFor.UnitTests", "StringCalculator.Xunit.SpecFor.UnitTests\StringCalculator.Xunit.SpecFor.UnitTests.csproj", "{66E5F076-1777-4D2F-A8FD-36FC2D8349D6}"
EndProject
Project("{FAE04EC0-301F-11D3-BF4B-00C04F79EFBC}") = "StringCalculator.NUnit.BDDfy.UnitTests", "StringCalculator.NUnit.BDDfy.UnitTests\StringCalculator.NUnit.BDDfy.UnitTests.csproj", "{060CCDA1-22E0-4F75-A817-0534A3A907FD}"
EndProject
Project("{FAE04EC0-301F-11D3-BF4B-00C04F79EFBC}") = "StringCalculator.NUnit.SpecFor.UnitTests", "StringCalculator.NUnit.SpecFor.UnitTests\StringCalculator.NUnit.SpecFor.UnitTests.csproj", "{BBCE1FA0-C202-4D80-8F3F-3FA30611ABC1}"
EndProject
Project("{FAE04EC0-301F-11D3-BF4B-00C04F79EFBC}") = "StringCalculator.Fixie.UnitTests", "StringCalculator.Fixie.UnitTests\StringCalculator.Fixie.UnitTests.csproj", "{9ADD1A1E-C847-4DC9-A4F5-3295238F8569}"
EndProject
Project("{FAE04EC0-301F-11D3-BF4B-00C04F79EFBC}") = "StringCalculator.Fixie.SpecFor.UnitTests", "StringCalculator.Fixie.SpecFor.UnitTests\StringCalculator.Fixie.SpecFor.UnitTests.csproj", "{A1FBA1D8-EBA2-40B9-AE53-AC79AF3D7862}"
EndProject
Project("{FAE04EC0-301F-11D3-BF4B-00C04F79EFBC}") = "StringCalculator.Fixie.BDDfy.UnitTests", "StringCalculator.Fixie.BDDfy.UnitTests\StringCalculator.Fixie.BDDfy.UnitTests.csproj", "{C432E2A4-2813-4696-8B64-5E0F175601B7}"
EndProject
Project("{FAE04EC0-301F-11D3-BF4B-00C04F79EFBC}") = "StringCalculator.Fixie.ObjectMother.UnitTests", "StringCalculator.Fixie.ObjectMother.UnitTests\StringCalculator.Fixie.ObjectMother.UnitTests.csproj", "{215D8CA3-4631-419F-B5BE-89B4DE8BE9DF}"
EndProject
Project("{FAE04EC0-301F-11D3-BF4B-00C04F79EFBC}") = "StringCalculator.NUnit.ObjectMother.UnitTests", "StringCalculator.NUnit.ObjectMother.UnitTests\StringCalculator.NUnit.ObjectMother.UnitTests.csproj", "{48F8662C-B190-4360-824F-8938ED276D2F}"
EndProject
Project("{FAE04EC0-301F-11D3-BF4B-00C04F79EFBC}") = "StringCalculator.Xunit.ObjectMother.UnitTests", "StringCalculator.Xunit.ObjectMother.UnitTests\StringCalculator.Xunit.ObjectMother.UnitTests.csproj", "{33DDEDAF-A7E1-43D0-A383-B8EBDDA7FEE3}"
EndProject
Project("{FAE04EC0-301F-11D3-BF4B-00C04F79EFBC}") = "AutoFixture.Fixie", "AutoFixture.Fixie\AutoFixture.Fixie.csproj", "{096105CB-2F8A-4EC8-8701-CDA610ADEACF}"
EndProject
Project("{2150E333-8FDC-42A3-9474-1A3956D46DE8}") = "Shared", "Shared", "{ABCAD35E-79D1-434C-92E4-AA6E9328BB7B}"
EndProject
Project("{2150E333-8FDC-42A3-9474-1A3956D46DE8}") = "Fixie", "Fixie", "{D8027119-B29D-44CF-B6E2-131BEF23DD2D}"
EndProject
Project("{2150E333-8FDC-42A3-9474-1A3956D46DE8}") = "Xunit", "Xunit", "{853CA883-DB04-4C8C-97E4-60DF6DB3BD21}"
EndProject
Project("{2150E333-8FDC-42A3-9474-1A3956D46DE8}") = "NUnit", "NUnit", "{9A0E936E-27AC-4F08-BFCA-8C367D79DA62}"
EndProject
Project("{2150E333-8FDC-42A3-9474-1A3956D46DE8}") = "UnitTests", "UnitTests", "{95D31AD1-3467-46DA-B570-693623A42782}"
EndProject
Project("{2150E333-8FDC-42A3-9474-1A3956D46DE8}") = ".nuget", ".nuget", "{8A4F1EC2-8F33-4D7E-A184-6229C13E6A5B}"
	ProjectSection(SolutionItems) = preProject
		.nuget\NuGet.config = .nuget\NuGet.config
		.nuget\NuGet.exe = .nuget\NuGet.exe
		.nuget\NuGet.targets = .nuget\NuGet.targets
		.nuget\packages.config = .nuget\packages.config
	EndProjectSection
EndProject
Project("{FAE04EC0-301F-11D3-BF4B-00C04F79EFBC}") = "StringCalculator.Xunit.BDDfy.UnitTests", "StringCalculator.Xunit.BDDfy.UnitTests\StringCalculator.Xunit.BDDfy.UnitTests.csproj", "{E190FB1E-2B7F-4200-992E-475A04A232F8}"
EndProject
Global
	GlobalSection(SolutionConfigurationPlatforms) = preSolution
		Debug|Any CPU = Debug|Any CPU
		Release|Any CPU = Release|Any CPU
	EndGlobalSection
	GlobalSection(ProjectConfigurationPlatforms) = postSolution
		{24515E4E-E75A-4C75-8E52-77A67225AB2F}.Debug|Any CPU.ActiveCfg = Debug|Any CPU
		{24515E4E-E75A-4C75-8E52-77A67225AB2F}.Debug|Any CPU.Build.0 = Debug|Any CPU
		{24515E4E-E75A-4C75-8E52-77A67225AB2F}.Release|Any CPU.ActiveCfg = Release|Any CPU
		{24515E4E-E75A-4C75-8E52-77A67225AB2F}.Release|Any CPU.Build.0 = Release|Any CPU
		{DFEDA25D-F95C-402B-AF5E-93CE4686B3FF}.Debug|Any CPU.ActiveCfg = Debug|Any CPU
		{DFEDA25D-F95C-402B-AF5E-93CE4686B3FF}.Debug|Any CPU.Build.0 = Debug|Any CPU
		{DFEDA25D-F95C-402B-AF5E-93CE4686B3FF}.Release|Any CPU.ActiveCfg = Release|Any CPU
		{DFEDA25D-F95C-402B-AF5E-93CE4686B3FF}.Release|Any CPU.Build.0 = Release|Any CPU
		{B422F284-2A40-4BB5-9403-3B864B34D82B}.Debug|Any CPU.ActiveCfg = Debug|Any CPU
		{B422F284-2A40-4BB5-9403-3B864B34D82B}.Debug|Any CPU.Build.0 = Debug|Any CPU
		{B422F284-2A40-4BB5-9403-3B864B34D82B}.Release|Any CPU.ActiveCfg = Release|Any CPU
		{B422F284-2A40-4BB5-9403-3B864B34D82B}.Release|Any CPU.Build.0 = Release|Any CPU
		{66E5F076-1777-4D2F-A8FD-36FC2D8349D6}.Debug|Any CPU.ActiveCfg = Debug|Any CPU
		{66E5F076-1777-4D2F-A8FD-36FC2D8349D6}.Debug|Any CPU.Build.0 = Debug|Any CPU
		{66E5F076-1777-4D2F-A8FD-36FC2D8349D6}.Release|Any CPU.ActiveCfg = Release|Any CPU
		{66E5F076-1777-4D2F-A8FD-36FC2D8349D6}.Release|Any CPU.Build.0 = Release|Any CPU
		{060CCDA1-22E0-4F75-A817-0534A3A907FD}.Debug|Any CPU.ActiveCfg = Debug|Any CPU
		{060CCDA1-22E0-4F75-A817-0534A3A907FD}.Debug|Any CPU.Build.0 = Debug|Any CPU
		{060CCDA1-22E0-4F75-A817-0534A3A907FD}.Release|Any CPU.ActiveCfg = Release|Any CPU
		{060CCDA1-22E0-4F75-A817-0534A3A907FD}.Release|Any CPU.Build.0 = Release|Any CPU
		{BBCE1FA0-C202-4D80-8F3F-3FA30611ABC1}.Debug|Any CPU.ActiveCfg = Debug|Any CPU
		{BBCE1FA0-C202-4D80-8F3F-3FA30611ABC1}.Debug|Any CPU.Build.0 = Debug|Any CPU
		{BBCE1FA0-C202-4D80-8F3F-3FA30611ABC1}.Release|Any CPU.ActiveCfg = Release|Any CPU
		{BBCE1FA0-C202-4D80-8F3F-3FA30611ABC1}.Release|Any CPU.Build.0 = Release|Any CPU
		{9ADD1A1E-C847-4DC9-A4F5-3295238F8569}.Debug|Any CPU.ActiveCfg = Debug|Any CPU
		{9ADD1A1E-C847-4DC9-A4F5-3295238F8569}.Debug|Any CPU.Build.0 = Debug|Any CPU
		{9ADD1A1E-C847-4DC9-A4F5-3295238F8569}.Release|Any CPU.ActiveCfg = Release|Any CPU
		{9ADD1A1E-C847-4DC9-A4F5-3295238F8569}.Release|Any CPU.Build.0 = Release|Any CPU
		{A1FBA1D8-EBA2-40B9-AE53-AC79AF3D7862}.Debug|Any CPU.ActiveCfg = Debug|Any CPU
		{A1FBA1D8-EBA2-40B9-AE53-AC79AF3D7862}.Debug|Any CPU.Build.0 = Debug|Any CPU
		{A1FBA1D8-EBA2-40B9-AE53-AC79AF3D7862}.Release|Any CPU.ActiveCfg = Release|Any CPU
		{A1FBA1D8-EBA2-40B9-AE53-AC79AF3D7862}.Release|Any CPU.Build.0 = Release|Any CPU
		{C432E2A4-2813-4696-8B64-5E0F175601B7}.Debug|Any CPU.ActiveCfg = Debug|Any CPU
		{C432E2A4-2813-4696-8B64-5E0F175601B7}.Debug|Any CPU.Build.0 = Debug|Any CPU
		{C432E2A4-2813-4696-8B64-5E0F175601B7}.Release|Any CPU.ActiveCfg = Release|Any CPU
		{C432E2A4-2813-4696-8B64-5E0F175601B7}.Release|Any CPU.Build.0 = Release|Any CPU
		{215D8CA3-4631-419F-B5BE-89B4DE8BE9DF}.Debug|Any CPU.ActiveCfg = Debug|Any CPU
		{215D8CA3-4631-419F-B5BE-89B4DE8BE9DF}.Debug|Any CPU.Build.0 = Debug|Any CPU
		{215D8CA3-4631-419F-B5BE-89B4DE8BE9DF}.Release|Any CPU.ActiveCfg = Release|Any CPU
		{215D8CA3-4631-419F-B5BE-89B4DE8BE9DF}.Release|Any CPU.Build.0 = Release|Any CPU
		{48F8662C-B190-4360-824F-8938ED276D2F}.Debug|Any CPU.ActiveCfg = Debug|Any CPU
		{48F8662C-B190-4360-824F-8938ED276D2F}.Debug|Any CPU.Build.0 = Debug|Any CPU
		{48F8662C-B190-4360-824F-8938ED276D2F}.Release|Any CPU.ActiveCfg = Release|Any CPU
		{48F8662C-B190-4360-824F-8938ED276D2F}.Release|Any CPU.Build.0 = Release|Any CPU
		{33DDEDAF-A7E1-43D0-A383-B8EBDDA7FEE3}.Debug|Any CPU.ActiveCfg = Debug|Any CPU
		{33DDEDAF-A7E1-43D0-A383-B8EBDDA7FEE3}.Debug|Any CPU.Build.0 = Debug|Any CPU
		{33DDEDAF-A7E1-43D0-A383-B8EBDDA7FEE3}.Release|Any CPU.ActiveCfg = Release|Any CPU
		{33DDEDAF-A7E1-43D0-A383-B8EBDDA7FEE3}.Release|Any CPU.Build.0 = Release|Any CPU
		{096105CB-2F8A-4EC8-8701-CDA610ADEACF}.Debug|Any CPU.ActiveCfg = Debug|Any CPU
		{096105CB-2F8A-4EC8-8701-CDA610ADEACF}.Debug|Any CPU.Build.0 = Debug|Any CPU
		{096105CB-2F8A-4EC8-8701-CDA610ADEACF}.Release|Any CPU.ActiveCfg = Release|Any CPU
		{096105CB-2F8A-4EC8-8701-CDA610ADEACF}.Release|Any CPU.Build.0 = Release|Any CPU
		{E190FB1E-2B7F-4200-992E-475A04A232F8}.Debug|Any CPU.ActiveCfg = Debug|Any CPU
		{E190FB1E-2B7F-4200-992E-475A04A232F8}.Debug|Any CPU.Build.0 = Debug|Any CPU
		{E190FB1E-2B7F-4200-992E-475A04A232F8}.Release|Any CPU.ActiveCfg = Release|Any CPU
		{E190FB1E-2B7F-4200-992E-475A04A232F8}.Release|Any CPU.Build.0 = Release|Any CPU
	EndGlobalSection
	GlobalSection(SolutionProperties) = preSolution
		HideSolutionNode = FALSE
	EndGlobalSection
	GlobalSection(NestedProjects) = preSolution
		{853CA883-DB04-4C8C-97E4-60DF6DB3BD21} = {95D31AD1-3467-46DA-B570-693623A42782}
		{9A0E936E-27AC-4F08-BFCA-8C367D79DA62} = {95D31AD1-3467-46DA-B570-693623A42782}
		{D8027119-B29D-44CF-B6E2-131BEF23DD2D} = {95D31AD1-3467-46DA-B570-693623A42782}
		{66E5F076-1777-4D2F-A8FD-36FC2D8349D6} = {853CA883-DB04-4C8C-97E4-60DF6DB3BD21}
		{33DDEDAF-A7E1-43D0-A383-B8EBDDA7FEE3} = {853CA883-DB04-4C8C-97E4-60DF6DB3BD21}
		{B422F284-2A40-4BB5-9403-3B864B34D82B} = {853CA883-DB04-4C8C-97E4-60DF6DB3BD21}
		{E190FB1E-2B7F-4200-992E-475A04A232F8} = {853CA883-DB04-4C8C-97E4-60DF6DB3BD21}
		{BBCE1FA0-C202-4D80-8F3F-3FA30611ABC1} = {9A0E936E-27AC-4F08-BFCA-8C367D79DA62}
		{48F8662C-B190-4360-824F-8938ED276D2F} = {9A0E936E-27AC-4F08-BFCA-8C367D79DA62}
		{060CCDA1-22E0-4F75-A817-0534A3A907FD} = {9A0E936E-27AC-4F08-BFCA-8C367D79DA62}
		{DFEDA25D-F95C-402B-AF5E-93CE4686B3FF} = {9A0E936E-27AC-4F08-BFCA-8C367D79DA62}
		{A1FBA1D8-EBA2-40B9-AE53-AC79AF3D7862} = {D8027119-B29D-44CF-B6E2-131BEF23DD2D}
		{C432E2A4-2813-4696-8B64-5E0F175601B7} = {D8027119-B29D-44CF-B6E2-131BEF23DD2D}
		{215D8CA3-4631-419F-B5BE-89B4DE8BE9DF} = {D8027119-B29D-44CF-B6E2-131BEF23DD2D}
		{9ADD1A1E-C847-4DC9-A4F5-3295238F8569} = {D8027119-B29D-44CF-B6E2-131BEF23DD2D}
		{096105CB-2F8A-4EC8-8701-CDA610ADEACF} = {ABCAD35E-79D1-434C-92E4-AA6E9328BB7B}
	EndGlobalSection
EndGlobal
