
Microsoft Visual Studio Solution File, Format Version 12.00
# Visual Studio 2013
VisualStudioVersion = 12.0.30110.0
MinimumVisualStudioVersion = 10.0.40219.1
Project("{FAE04EC0-301F-11D3-BF4B-00C04F79EFBC}") = "StringCalculator", "StringCalculator\StringCalculator.csproj", "{24515E4E-E75A-4C75-8E52-77A67225AB2F}"
EndProject
Project("{FAE04EC0-301F-11D3-BF4B-00C04F79EFBC}") = "StringCalculator.NUnit.UnitTests", "StringCalculator.NUnit.UnitTests\StringCalculator.NUnit.UnitTests.csproj", "{DFEDA25D-F95C-402B-AF5E-93CE4686B3FF}"
EndProject
Project("{FAE04EC0-301F-11D3-BF4B-00C04F79EFBC}") = "StringCalculator.Xunit.UnitTests", "StringCalculator.XUnit.UnitTests\StringCalculator.Xunit.UnitTests.csproj", "{B422F284-2A40-4BB5-9403-3B864B34D82B}"
EndProject
Project("{FAE04EC0-301F-11D3-BF4B-00C04F79EFBC}") = "StringCalculator.Xunit.SpecFor.UnitTests", "StringCalculator.Xunit.SpecFor.UnitTests\StringCalculator.Xunit.SpecFor.UnitTests.csproj", "{66E5F076-1777-4D2F-A8FD-36FC2D8349D6}"
EndProject
Project("{FAE04EC0-301F-11D3-BF4B-00C04F79EFBC}") = "StringCalculator.NUnit.BDDfy.UnitTests", "StringCalculator.NUnit.BDDfy.UnitTests\StringCalculator.NUnit.BDDfy.UnitTests.csproj", "{060CCDA1-22E0-4F75-A817-0534A3A907FD}"
EndProject
Project("{FAE04EC0-301F-11D3-BF4B-00C04F79EFBC}") = "StringCalculator.NUnit.SpecFor.UnitTests", "StringCalculator.NUnit.SpecFor.UnitTests\StringCalculator.NUnit.SpecFor.UnitTests.csproj", "{BBCE1FA0-C202-4D80-8F3F-3FA30611ABC1}"
EndProject
Project("{FAE04EC0-301F-11D3-BF4B-00C04F79EFBC}") = "StringCalculator.NUnit.ObjectMother.UnitTests", "StringCalculator.NUnit.ObjectMother.UnitTests\StringCalculator.NUnit.ObjectMother.UnitTests.csproj", "{48F8662C-B190-4360-824F-8938ED276D2F}"
EndProject
Project("{FAE04EC0-301F-11D3-BF4B-00C04F79EFBC}") = "StringCalculator.Xunit.ObjectMother.UnitTests", "StringCalculator.Xunit.ObjectMother.UnitTests\StringCalculator.Xunit.ObjectMother.UnitTests.csproj", "{33DDEDAF-A7E1-43D0-A383-B8EBDDA7FEE3}"
EndProject
Project("{2150E333-8FDC-42A3-9474-1A3956D46DE8}") = "Xunit", "Xunit", "{853CA883-DB04-4C8C-97E4-60DF6DB3BD21}"
EndProject
Project("{2150E333-8FDC-42A3-9474-1A3956D46DE8}") = "NUnit", "NUnit", "{9A0E936E-27AC-4F08-BFCA-8C367D79DA62}"
EndProject
Project("{2150E333-8FDC-42A3-9474-1A3956D46DE8}") = "UnitTests", "UnitTests", "{95D31AD1-3467-46DA-B570-693623A42782}"
EndProject
Project("{FAE04EC0-301F-11D3-BF4B-00C04F79EFBC}") = "StringCalculator.Xunit.BDDfy.UnitTests", "StringCalculator.Xunit.BDDfy.UnitTests\StringCalculator.Xunit.BDDfy.UnitTests.csproj", "{E190FB1E-2B7F-4200-992E-475A04A232F8}"
EndProject
Project("{FAE04EC0-301F-11D3-BF4B-00C04F79EFBC}") = "StringCalculator.Xunit.XBehave.UnitTests", "StringCalculator.Xunit.XBehave.UnitTests\StringCalculator.Xunit.XBehave.UnitTests.csproj", "{184ABC03-8DBB-4400-AB53-0D8014C0F1BE}"
EndProject
Project("{FAE04EC0-301F-11D3-BF4B-00C04F79EFBC}") = "StringCalculator.Xunit", "StringCalculator.Xunit\StringCalculator.Xunit.csproj", "{FB358148-734F-4275-97CE-E2C52C86067C}"
EndProject
Project("{FAE04EC0-301F-11D3-BF4B-00C04F79EFBC}") = "StringCalculator.NUnit", "StringCalculator.NUnit\StringCalculator.NUnit.csproj", "{2B47D93A-86D1-497C-8023-E31EED55F62B}"
EndProject
Global
	GlobalSection(SolutionConfigurationPlatforms) = preSolution
		Debug|Any CPU = Debug|Any CPU
		Release|Any CPU = Release|Any CPU
	EndGlobalSection
	GlobalSection(ProjectConfigurationPlatforms) = postSolution
		{24515E4E-E75A-4C75-8E52-77A67225AB2F}.Debug|Any CPU.ActiveCfg = Debug|Any CPU
		{24515E4E-E75A-4C75-8E52-77A67225AB2F}.Debug|Any CPU.Build.0 = Debug|Any CPU
		{24515E4E-E75A-4C75-8E52-77A67225AB2F}.Release|Any CPU.ActiveCfg = Release|Any CPU
		{24515E4E-E75A-4C75-8E52-77A67225AB2F}.Release|Any CPU.Build.0 = Release|Any CPU
		{DFEDA25D-F95C-402B-AF5E-93CE4686B3FF}.Debug|Any CPU.ActiveCfg = Debug|Any CPU
		{DFEDA25D-F95C-402B-AF5E-93CE4686B3FF}.Debug|Any CPU.Build.0 = Debug|Any CPU
		{DFEDA25D-F95C-402B-AF5E-93CE4686B3FF}.Release|Any CPU.ActiveCfg = Release|Any CPU
		{DFEDA25D-F95C-402B-AF5E-93CE4686B3FF}.Release|Any CPU.Build.0 = Release|Any CPU
		{B422F284-2A40-4BB5-9403-3B864B34D82B}.Debug|Any CPU.ActiveCfg = Debug|Any CPU
		{B422F284-2A40-4BB5-9403-3B864B34D82B}.Debug|Any CPU.Build.0 = Debug|Any CPU
		{B422F284-2A40-4BB5-9403-3B864B34D82B}.Release|Any CPU.ActiveCfg = Release|Any CPU
		{B422F284-2A40-4BB5-9403-3B864B34D82B}.Release|Any CPU.Build.0 = Release|Any CPU
		{66E5F076-1777-4D2F-A8FD-36FC2D8349D6}.Debug|Any CPU.ActiveCfg = Debug|Any CPU
		{66E5F076-1777-4D2F-A8FD-36FC2D8349D6}.Debug|Any CPU.Build.0 = Debug|Any CPU
		{66E5F076-1777-4D2F-A8FD-36FC2D8349D6}.Release|Any CPU.ActiveCfg = Release|Any CPU
		{66E5F076-1777-4D2F-A8FD-36FC2D8349D6}.Release|Any CPU.Build.0 = Release|Any CPU
		{060CCDA1-22E0-4F75-A817-0534A3A907FD}.Debug|Any CPU.ActiveCfg = Debug|Any CPU
		{060CCDA1-22E0-4F75-A817-0534A3A907FD}.Debug|Any CPU.Build.0 = Debug|Any CPU
		{060CCDA1-22E0-4F75-A817-0534A3A907FD}.Release|Any CPU.ActiveCfg = Release|Any CPU
		{060CCDA1-22E0-4F75-A817-0534A3A907FD}.Release|Any CPU.Build.0 = Release|Any CPU
		{BBCE1FA0-C202-4D80-8F3F-3FA30611ABC1}.Debug|Any CPU.ActiveCfg = Debug|Any CPU
		{BBCE1FA0-C202-4D80-8F3F-3FA30611ABC1}.Debug|Any CPU.Build.0 = Debug|Any CPU
		{BBCE1FA0-C202-4D80-8F3F-3FA30611ABC1}.Release|Any CPU.ActiveCfg = Release|Any CPU
		{BBCE1FA0-C202-4D80-8F3F-3FA30611ABC1}.Release|Any CPU.Build.0 = Release|Any CPU
		{48F8662C-B190-4360-824F-8938ED276D2F}.Debug|Any CPU.ActiveCfg = Debug|Any CPU
		{48F8662C-B190-4360-824F-8938ED276D2F}.Debug|Any CPU.Build.0 = Debug|Any CPU
		{48F8662C-B190-4360-824F-8938ED276D2F}.Release|Any CPU.ActiveCfg = Release|Any CPU
		{48F8662C-B190-4360-824F-8938ED276D2F}.Release|Any CPU.Build.0 = Release|Any CPU
		{33DDEDAF-A7E1-43D0-A383-B8EBDDA7FEE3}.Debug|Any CPU.ActiveCfg = Debug|Any CPU
		{33DDEDAF-A7E1-43D0-A383-B8EBDDA7FEE3}.Debug|Any CPU.Build.0 = Debug|Any CPU
		{33DDEDAF-A7E1-43D0-A383-B8EBDDA7FEE3}.Release|Any CPU.ActiveCfg = Release|Any CPU
		{33DDEDAF-A7E1-43D0-A383-B8EBDDA7FEE3}.Release|Any CPU.Build.0 = Release|Any CPU
		{E190FB1E-2B7F-4200-992E-475A04A232F8}.Debug|Any CPU.ActiveCfg = Debug|Any CPU
		{E190FB1E-2B7F-4200-992E-475A04A232F8}.Debug|Any CPU.Build.0 = Debug|Any CPU
		{E190FB1E-2B7F-4200-992E-475A04A232F8}.Release|Any CPU.ActiveCfg = Release|Any CPU
		{E190FB1E-2B7F-4200-992E-475A04A232F8}.Release|Any CPU.Build.0 = Release|Any CPU
		{184ABC03-8DBB-4400-AB53-0D8014C0F1BE}.Debug|Any CPU.ActiveCfg = Debug|Any CPU
		{184ABC03-8DBB-4400-AB53-0D8014C0F1BE}.Debug|Any CPU.Build.0 = Debug|Any CPU
		{184ABC03-8DBB-4400-AB53-0D8014C0F1BE}.Release|Any CPU.ActiveCfg = Release|Any CPU
		{184ABC03-8DBB-4400-AB53-0D8014C0F1BE}.Release|Any CPU.Build.0 = Release|Any CPU
		{FB358148-734F-4275-97CE-E2C52C86067C}.Debug|Any CPU.ActiveCfg = Debug|Any CPU
		{FB358148-734F-4275-97CE-E2C52C86067C}.Debug|Any CPU.Build.0 = Debug|Any CPU
		{FB358148-734F-4275-97CE-E2C52C86067C}.Release|Any CPU.ActiveCfg = Release|Any CPU
		{FB358148-734F-4275-97CE-E2C52C86067C}.Release|Any CPU.Build.0 = Release|Any CPU
		{2B47D93A-86D1-497C-8023-E31EED55F62B}.Debug|Any CPU.ActiveCfg = Debug|Any CPU
		{2B47D93A-86D1-497C-8023-E31EED55F62B}.Debug|Any CPU.Build.0 = Debug|Any CPU
		{2B47D93A-86D1-497C-8023-E31EED55F62B}.Release|Any CPU.ActiveCfg = Release|Any CPU
		{2B47D93A-86D1-497C-8023-E31EED55F62B}.Release|Any CPU.Build.0 = Release|Any CPU
	EndGlobalSection
	GlobalSection(SolutionProperties) = preSolution
		HideSolutionNode = FALSE
	EndGlobalSection
	GlobalSection(NestedProjects) = preSolution
		{853CA883-DB04-4C8C-97E4-60DF6DB3BD21} = {95D31AD1-3467-46DA-B570-693623A42782}
		{9A0E936E-27AC-4F08-BFCA-8C367D79DA62} = {95D31AD1-3467-46DA-B570-693623A42782}
		{66E5F076-1777-4D2F-A8FD-36FC2D8349D6} = {853CA883-DB04-4C8C-97E4-60DF6DB3BD21}
		{33DDEDAF-A7E1-43D0-A383-B8EBDDA7FEE3} = {853CA883-DB04-4C8C-97E4-60DF6DB3BD21}
		{B422F284-2A40-4BB5-9403-3B864B34D82B} = {853CA883-DB04-4C8C-97E4-60DF6DB3BD21}
		{E190FB1E-2B7F-4200-992E-475A04A232F8} = {853CA883-DB04-4C8C-97E4-60DF6DB3BD21}
		{BBCE1FA0-C202-4D80-8F3F-3FA30611ABC1} = {9A0E936E-27AC-4F08-BFCA-8C367D79DA62}
		{48F8662C-B190-4360-824F-8938ED276D2F} = {9A0E936E-27AC-4F08-BFCA-8C367D79DA62}
		{060CCDA1-22E0-4F75-A817-0534A3A907FD} = {9A0E936E-27AC-4F08-BFCA-8C367D79DA62}
		{DFEDA25D-F95C-402B-AF5E-93CE4686B3FF} = {9A0E936E-27AC-4F08-BFCA-8C367D79DA62}
		{184ABC03-8DBB-4400-AB53-0D8014C0F1BE} = {853CA883-DB04-4C8C-97E4-60DF6DB3BD21}
		{FB358148-734F-4275-97CE-E2C52C86067C} = {853CA883-DB04-4C8C-97E4-60DF6DB3BD21}
		{2B47D93A-86D1-497C-8023-E31EED55F62B} = {9A0E936E-27AC-4F08-BFCA-8C367D79DA62}
	EndGlobalSection
EndGlobal
