
Microsoft Visual Studio Solution File, Format Version 12.00
# Visual Studio 2013
VisualStudioVersion = 12.0.30110.0
MinimumVisualStudioVersion = 10.0.40219.1
Project("{FAE04EC0-301F-11D3-BF4B-00C04F79EFBC}") = "StringCalculator", "StringCalculator\StringCalculator.csproj", "{24515E4E-E75A-4C75-8E52-77A67225AB2F}"
EndProject
Project("{FAE04EC0-301F-11D3-BF4B-00C04F79EFBC}") = "StringCalculator.NUnit.UnitTests", "StringCalculator.NUnit.UnitTests\StringCalculator.NUnit.UnitTests.csproj", "{DFEDA25D-F95C-402B-AF5E-93CE4686B3FF}"
EndProject
Project("{FAE04EC0-301F-11D3-BF4B-00C04F79EFBC}") = "StringCalculator.Xunit.UnitTests", "StringCalculator.XUnit.UnitTests\StringCalculator.Xunit.UnitTests.csproj", "{B422F284-2A40-4BB5-9403-3B864B34D82B}"
EndProject
Project("{FAE04EC0-301F-11D3-BF4B-00C04F79EFBC}") = "StringCalculator.Xunit.BDDfy.UnitTests", "StringCalculator.Xunit.BDDfy.UnitTests\StringCalculator.Xunit.BDDfy.UnitTests.csproj", "{E190FB1E-2B7F-4200-992E-475A04A232F8}"
EndProject
Project("{FAE04EC0-301F-11D3-BF4B-00C04F79EFBC}") = "StringCalculator.Xunit.SpecFor.UnitTests", "StringCalculator.Xunit.SpecFor.UnitTests\StringCalculator.Xunit.SpecFor.UnitTests.csproj", "{66E5F076-1777-4D2F-A8FD-36FC2D8349D6}"
EndProject
Project("{FAE04EC0-301F-11D3-BF4B-00C04F79EFBC}") = "StringCalculator.NUnit.BDDfy.UnitTests", "StringCalculator.NUnit.BDDfy.UnitTests\StringCalculator.NUnit.BDDfy.UnitTests.csproj", "{060CCDA1-22E0-4F75-A817-0534A3A907FD}"
EndProject
Project("{FAE04EC0-301F-11D3-BF4B-00C04F79EFBC}") = "StringCalculator.NUnit.SpecFor.UnitTests", "StringCalculator.NUnit.SpecFor.UnitTests\StringCalculator.NUnit.SpecFor.UnitTests.csproj", "{BBCE1FA0-C202-4D80-8F3F-3FA30611ABC1}"
EndProject
Project("{FAE04EC0-301F-11D3-BF4B-00C04F79EFBC}") = "StringCalculator.Fixie.UnitTests", "StringCalculator.Fixie.UnitTests\StringCalculator.Fixie.UnitTests.csproj", "{61615C81-DE2E-4B81-8D2D-88B895C59A48}"
EndProject
Project("{FAE04EC0-301F-11D3-BF4B-00C04F79EFBC}") = "StringCalculator.Fixie.SpecFor.UnitTests", "StringCalculator.Fixie.SpecFor.UnitTests\StringCalculator.Fixie.SpecFor.UnitTests.csproj", "{D00AB107-9897-4EC8-B7E7-78A11E1828AD}"
EndProject
Project("{FAE04EC0-301F-11D3-BF4B-00C04F79EFBC}") = "StringCalculator.Fixe.BDDfy.UnitTests", "StringCalculator.Fixe.BDDfy.UnitTests\StringCalculator.Fixe.BDDfy.UnitTests.csproj", "{C7408CEB-FE9D-4850-A33B-BFE9774B04F1}"
EndProject
Project("{2150E333-8FDC-42A3-9474-1A3956D46DE8}") = "Fixie", "Fixie", "{5A6BAA71-685A-4A47-A096-DDE8EA81AF45}"
EndProject
Project("{2150E333-8FDC-42A3-9474-1A3956D46DE8}") = "NUnit", "NUnit", "{FECBD69D-283B-4B9D-A088-AE44091FAFD2}"
EndProject
Project("{2150E333-8FDC-42A3-9474-1A3956D46DE8}") = "Xunit", "Xunit", "{D8C9DE42-FBE5-417E-B75E-633C94D5CEA6}"
EndProject
Project("{2150E333-8FDC-42A3-9474-1A3956D46DE8}") = "Tests", "Tests", "{4CADE01E-F8ED-4C13-9F8C-BB05A1797447}"
EndProject
Global
	GlobalSection(SolutionConfigurationPlatforms) = preSolution
		Debug|Any CPU = Debug|Any CPU
		Release|Any CPU = Release|Any CPU
	EndGlobalSection
	GlobalSection(ProjectConfigurationPlatforms) = postSolution
		{24515E4E-E75A-4C75-8E52-77A67225AB2F}.Debug|Any CPU.ActiveCfg = Debug|Any CPU
		{24515E4E-E75A-4C75-8E52-77A67225AB2F}.Debug|Any CPU.Build.0 = Debug|Any CPU
		{24515E4E-E75A-4C75-8E52-77A67225AB2F}.Release|Any CPU.ActiveCfg = Release|Any CPU
		{24515E4E-E75A-4C75-8E52-77A67225AB2F}.Release|Any CPU.Build.0 = Release|Any CPU
		{DFEDA25D-F95C-402B-AF5E-93CE4686B3FF}.Debug|Any CPU.ActiveCfg = Debug|Any CPU
		{DFEDA25D-F95C-402B-AF5E-93CE4686B3FF}.Debug|Any CPU.Build.0 = Debug|Any CPU
		{DFEDA25D-F95C-402B-AF5E-93CE4686B3FF}.Release|Any CPU.ActiveCfg = Release|Any CPU
		{DFEDA25D-F95C-402B-AF5E-93CE4686B3FF}.Release|Any CPU.Build.0 = Release|Any CPU
		{B422F284-2A40-4BB5-9403-3B864B34D82B}.Debug|Any CPU.ActiveCfg = Debug|Any CPU
		{B422F284-2A40-4BB5-9403-3B864B34D82B}.Debug|Any CPU.Build.0 = Debug|Any CPU
		{B422F284-2A40-4BB5-9403-3B864B34D82B}.Release|Any CPU.ActiveCfg = Release|Any CPU
		{B422F284-2A40-4BB5-9403-3B864B34D82B}.Release|Any CPU.Build.0 = Release|Any CPU
		{E190FB1E-2B7F-4200-992E-475A04A232F8}.Debug|Any CPU.ActiveCfg = Debug|Any CPU
		{E190FB1E-2B7F-4200-992E-475A04A232F8}.Debug|Any CPU.Build.0 = Debug|Any CPU
		{E190FB1E-2B7F-4200-992E-475A04A232F8}.Release|Any CPU.ActiveCfg = Release|Any CPU
		{E190FB1E-2B7F-4200-992E-475A04A232F8}.Release|Any CPU.Build.0 = Release|Any CPU
		{66E5F076-1777-4D2F-A8FD-36FC2D8349D6}.Debug|Any CPU.ActiveCfg = Debug|Any CPU
		{66E5F076-1777-4D2F-A8FD-36FC2D8349D6}.Debug|Any CPU.Build.0 = Debug|Any CPU
		{66E5F076-1777-4D2F-A8FD-36FC2D8349D6}.Release|Any CPU.ActiveCfg = Release|Any CPU
		{66E5F076-1777-4D2F-A8FD-36FC2D8349D6}.Release|Any CPU.Build.0 = Release|Any CPU
		{060CCDA1-22E0-4F75-A817-0534A3A907FD}.Debug|Any CPU.ActiveCfg = Debug|Any CPU
		{060CCDA1-22E0-4F75-A817-0534A3A907FD}.Debug|Any CPU.Build.0 = Debug|Any CPU
		{060CCDA1-22E0-4F75-A817-0534A3A907FD}.Release|Any CPU.ActiveCfg = Release|Any CPU
		{060CCDA1-22E0-4F75-A817-0534A3A907FD}.Release|Any CPU.Build.0 = Release|Any CPU
		{BBCE1FA0-C202-4D80-8F3F-3FA30611ABC1}.Debug|Any CPU.ActiveCfg = Debug|Any CPU
		{BBCE1FA0-C202-4D80-8F3F-3FA30611ABC1}.Debug|Any CPU.Build.0 = Debug|Any CPU
		{BBCE1FA0-C202-4D80-8F3F-3FA30611ABC1}.Release|Any CPU.ActiveCfg = Release|Any CPU
		{BBCE1FA0-C202-4D80-8F3F-3FA30611ABC1}.Release|Any CPU.Build.0 = Release|Any CPU
		{61615C81-DE2E-4B81-8D2D-88B895C59A48}.Debug|Any CPU.ActiveCfg = Debug|Any CPU
		{61615C81-DE2E-4B81-8D2D-88B895C59A48}.Debug|Any CPU.Build.0 = Debug|Any CPU
		{61615C81-DE2E-4B81-8D2D-88B895C59A48}.Release|Any CPU.ActiveCfg = Release|Any CPU
		{61615C81-DE2E-4B81-8D2D-88B895C59A48}.Release|Any CPU.Build.0 = Release|Any CPU
		{D00AB107-9897-4EC8-B7E7-78A11E1828AD}.Debug|Any CPU.ActiveCfg = Debug|Any CPU
		{D00AB107-9897-4EC8-B7E7-78A11E1828AD}.Debug|Any CPU.Build.0 = Debug|Any CPU
		{D00AB107-9897-4EC8-B7E7-78A11E1828AD}.Release|Any CPU.ActiveCfg = Release|Any CPU
		{D00AB107-9897-4EC8-B7E7-78A11E1828AD}.Release|Any CPU.Build.0 = Release|Any CPU
		{C7408CEB-FE9D-4850-A33B-BFE9774B04F1}.Debug|Any CPU.ActiveCfg = Debug|Any CPU
		{C7408CEB-FE9D-4850-A33B-BFE9774B04F1}.Debug|Any CPU.Build.0 = Debug|Any CPU
		{C7408CEB-FE9D-4850-A33B-BFE9774B04F1}.Release|Any CPU.ActiveCfg = Release|Any CPU
		{C7408CEB-FE9D-4850-A33B-BFE9774B04F1}.Release|Any CPU.Build.0 = Release|Any CPU
	EndGlobalSection
	GlobalSection(SolutionProperties) = preSolution
		HideSolutionNode = FALSE
	EndGlobalSection
	GlobalSection(NestedProjects) = preSolution
		{C7408CEB-FE9D-4850-A33B-BFE9774B04F1} = {5A6BAA71-685A-4A47-A096-DDE8EA81AF45}
		{D00AB107-9897-4EC8-B7E7-78A11E1828AD} = {5A6BAA71-685A-4A47-A096-DDE8EA81AF45}
		{61615C81-DE2E-4B81-8D2D-88B895C59A48} = {5A6BAA71-685A-4A47-A096-DDE8EA81AF45}
		{DFEDA25D-F95C-402B-AF5E-93CE4686B3FF} = {FECBD69D-283B-4B9D-A088-AE44091FAFD2}
		{BBCE1FA0-C202-4D80-8F3F-3FA30611ABC1} = {FECBD69D-283B-4B9D-A088-AE44091FAFD2}
		{060CCDA1-22E0-4F75-A817-0534A3A907FD} = {FECBD69D-283B-4B9D-A088-AE44091FAFD2}
		{E190FB1E-2B7F-4200-992E-475A04A232F8} = {D8C9DE42-FBE5-417E-B75E-633C94D5CEA6}
		{66E5F076-1777-4D2F-A8FD-36FC2D8349D6} = {D8C9DE42-FBE5-417E-B75E-633C94D5CEA6}
		{B422F284-2A40-4BB5-9403-3B864B34D82B} = {D8C9DE42-FBE5-417E-B75E-633C94D5CEA6}
		{D8C9DE42-FBE5-417E-B75E-633C94D5CEA6} = {4CADE01E-F8ED-4C13-9F8C-BB05A1797447}
		{FECBD69D-283B-4B9D-A088-AE44091FAFD2} = {4CADE01E-F8ED-4C13-9F8C-BB05A1797447}
		{5A6BAA71-685A-4A47-A096-DDE8EA81AF45} = {4CADE01E-F8ED-4C13-9F8C-BB05A1797447}
	EndGlobalSection
EndGlobal
